
Microsoft Visual Studio Solution File, Format Version 12.00
# Visual Studio Version 16
VisualStudioVersion = 16.0.29911.84
MinimumVisualStudioVersion = 10.0.40219.1
Project("{9A19103F-16F7-4668-BE54-9A1E7A4F7556}") = "Sels.Core", "Sels.Core\Sels.Core.csproj", "{673BAA66-9AA5-49C2-AB21-42A594A248C1}"
EndProject
Project("{9A19103F-16F7-4668-BE54-9A1E7A4F7556}") = "Sels.Core.TestTool", "Sels.Core.TestTool\Sels.Core.TestTool.csproj", "{80291F78-EE16-4DF7-B387-87F31927D94B}"
EndProject
Project("{2150E333-8FDC-42A3-9474-1A3956D46DE8}") = "Solution Items", "Solution Items", "{488304DF-398B-41FC-B85F-99910195277E}"
	ProjectSection(SolutionItems) = preProject
		.gitignore = .gitignore
		LICENSE.md = LICENSE.md
		README.md = README.md
	EndProjectSection
EndProject
Project("{9A19103F-16F7-4668-BE54-9A1E7A4F7556}") = "Sels.Core.Unity", "Sels.Core.Unity\Sels.Core.Unity.csproj", "{4EC40D85-FD7F-4365-A811-8B57938DB08C}"
EndProject
Project("{9A19103F-16F7-4668-BE54-9A1E7A4F7556}") = "Sels.Core.Excel", "Sels.Core.Excel\Sels.Core.Excel.csproj", "{4CC68328-4DC7-489B-B602-ED488D948F68}"
EndProject
Project("{9A19103F-16F7-4668-BE54-9A1E7A4F7556}") = "Sels.Core.Linux", "Sels.Core.Linux\Sels.Core.Linux.csproj", "{859B4C04-9D06-41C0-97D5-F0AF9FA85EDC}"
EndProject
Global
	GlobalSection(SolutionConfigurationPlatforms) = preSolution
		Debug|Any CPU = Debug|Any CPU
		Release|Any CPU = Release|Any CPU
	EndGlobalSection
	GlobalSection(ProjectConfigurationPlatforms) = postSolution
		{673BAA66-9AA5-49C2-AB21-42A594A248C1}.Debug|Any CPU.ActiveCfg = Debug|Any CPU
		{673BAA66-9AA5-49C2-AB21-42A594A248C1}.Debug|Any CPU.Build.0 = Debug|Any CPU
		{673BAA66-9AA5-49C2-AB21-42A594A248C1}.Release|Any CPU.ActiveCfg = Release|Any CPU
		{673BAA66-9AA5-49C2-AB21-42A594A248C1}.Release|Any CPU.Build.0 = Release|Any CPU
		{80291F78-EE16-4DF7-B387-87F31927D94B}.Debug|Any CPU.ActiveCfg = Debug|Any CPU
		{80291F78-EE16-4DF7-B387-87F31927D94B}.Debug|Any CPU.Build.0 = Debug|Any CPU
		{80291F78-EE16-4DF7-B387-87F31927D94B}.Release|Any CPU.ActiveCfg = Release|Any CPU
		{80291F78-EE16-4DF7-B387-87F31927D94B}.Release|Any CPU.Build.0 = Release|Any CPU
		{4EC40D85-FD7F-4365-A811-8B57938DB08C}.Debug|Any CPU.ActiveCfg = Debug|Any CPU
		{4EC40D85-FD7F-4365-A811-8B57938DB08C}.Debug|Any CPU.Build.0 = Debug|Any CPU
		{4EC40D85-FD7F-4365-A811-8B57938DB08C}.Release|Any CPU.ActiveCfg = Release|Any CPU
		{4EC40D85-FD7F-4365-A811-8B57938DB08C}.Release|Any CPU.Build.0 = Release|Any CPU
		{4CC68328-4DC7-489B-B602-ED488D948F68}.Debug|Any CPU.ActiveCfg = Debug|Any CPU
		{4CC68328-4DC7-489B-B602-ED488D948F68}.Debug|Any CPU.Build.0 = Debug|Any CPU
		{4CC68328-4DC7-489B-B602-ED488D948F68}.Release|Any CPU.ActiveCfg = Release|Any CPU
		{4CC68328-4DC7-489B-B602-ED488D948F68}.Release|Any CPU.Build.0 = Release|Any CPU
		{859B4C04-9D06-41C0-97D5-F0AF9FA85EDC}.Debug|Any CPU.ActiveCfg = Debug|Any CPU
		{859B4C04-9D06-41C0-97D5-F0AF9FA85EDC}.Debug|Any CPU.Build.0 = Debug|Any CPU
		{859B4C04-9D06-41C0-97D5-F0AF9FA85EDC}.Release|Any CPU.ActiveCfg = Release|Any CPU
		{859B4C04-9D06-41C0-97D5-F0AF9FA85EDC}.Release|Any CPU.Build.0 = Release|Any CPU
	EndGlobalSection
	GlobalSection(SolutionProperties) = preSolution
		HideSolutionNode = FALSE
	EndGlobalSection
	GlobalSection(ExtensibilityGlobals) = postSolution
		SolutionGuid = {9510E55C-920C-4EDB-9F77-D83C4E047361}
	EndGlobalSection
EndGlobal
