
Microsoft Visual Studio Solution File, Format Version 12.00
# Visual Studio Version 17
VisualStudioVersion = 17.0.31912.275
MinimumVisualStudioVersion = 10.0.40219.1
Project("{9A19103F-16F7-4668-BE54-9A1E7A4F7556}") = "Sels.Core", "Sels.Core\Sels.Core.csproj", "{673BAA66-9AA5-49C2-AB21-42A594A248C1}"
EndProject
Project("{9A19103F-16F7-4668-BE54-9A1E7A4F7556}") = "Sels.Core.TestTool", "Sels.Core.TestTool\Sels.Core.TestTool.csproj", "{80291F78-EE16-4DF7-B387-87F31927D94B}"
EndProject
Project("{2150E333-8FDC-42A3-9474-1A3956D46DE8}") = "Solution Items", "Solution Items", "{488304DF-398B-41FC-B85F-99910195277E}"
	ProjectSection(SolutionItems) = preProject
		.editorconfig = .editorconfig
		.gitignore = .gitignore
		LICENSE.md = LICENSE.md
		README.md = README.md
	EndProjectSection
EndProject
Project("{2150E333-8FDC-42A3-9474-1A3956D46DE8}") = "Tests", "Tests", "{9ADF9A39-B6EC-440C-AA22-6478FF9F7EA6}"
EndProject
Project("{9A19103F-16F7-4668-BE54-9A1E7A4F7556}") = "Sels.Core.Test", "Tests\Sels.Core.Test\Sels.Core.Test.csproj", "{073701B9-104D-4557-9914-DB6A0C1F8277}"
EndProject
Project("{2150E333-8FDC-42A3-9474-1A3956D46DE8}") = "Libraries", "Libraries", "{7C3BE389-DC4E-43F0-A1B3-097020BE9691}"
EndProject
Project("{2150E333-8FDC-42A3-9474-1A3956D46DE8}") = "Frameworks", "Frameworks", "{3387EDE6-E321-4FF6-BF3B-E9C54BF7F6D5}"
EndProject
Project("{2150E333-8FDC-42A3-9474-1A3956D46DE8}") = "Validation", "Validation", "{E3EC93FC-7BFE-4AEA-9977-8FB473DE2989}"
EndProject
Project("{9A19103F-16F7-4668-BE54-9A1E7A4F7556}") = "Sels.ObjectValidationFramework", "Frameworks\Validation\Sels.ObjectValidationFramework\Sels.ObjectValidationFramework.csproj", "{6A16525A-39BD-4090-903B-60AEFE5D9FF3}"
EndProject
Project("{9A19103F-16F7-4668-BE54-9A1E7A4F7556}") = "Sels.ObjectValidationFramework.TestTool", "Frameworks\Validation\Sels.ObjectValidationFramework.TestTool\Sels.ObjectValidationFramework.TestTool.csproj", "{D3410322-2D2E-4EDC-9EC7-9A4211C392A3}"
EndProject
Project("{9A19103F-16F7-4668-BE54-9A1E7A4F7556}") = "Sels.Core.Command", "Sels.Core.Command\Sels.Core.Command.csproj", "{2111E1DA-E739-4563-BB14-DE028CD0DB33}"
EndProject
Project("{9A19103F-16F7-4668-BE54-9A1E7A4F7556}") = "Sels.Core.Command.Linux", "Sels.Core.Command.Linux\Sels.Core.Command.Linux.csproj", "{15748F59-AECE-445E-8CCA-53972C8F8A03}"
EndProject
Project("{9A19103F-16F7-4668-BE54-9A1E7A4F7556}") = "Sels.Core.Conversion", "Sels.Core.Conversion\Sels.Core.Conversion.csproj", "{31BD1BC4-7B36-4AC9-9176-6D2F1CEDF9B6}"
EndProject
Project("{9A19103F-16F7-4668-BE54-9A1E7A4F7556}") = "Sels.Core.DependencyInjection.Unity", "Sels.Core.DependencyInjection.Unity\Sels.Core.DependencyInjection.Unity.csproj", "{9F956778-E4BE-4911-BD3F-4356FB061C91}"
EndProject
Project("{9A19103F-16F7-4668-BE54-9A1E7A4F7556}") = "Sels.Core.FileSystem", "Sels.Core.FileSystem\Sels.Core.FileSystem.csproj", "{D271E459-0CCA-4831-A4D4-E96819F8A992}"
EndProject
Project("{9A19103F-16F7-4668-BE54-9A1E7A4F7556}") = "Sels.Core.FileSystem.Linux", "Sels.Core.FileSystem.Linux\Sels.Core.FileSystem.Linux.csproj", "{054FF620-453E-42EA-A1BC-FD0150BC2A86}"
EndProject
Project("{9A19103F-16F7-4668-BE54-9A1E7A4F7556}") = "Sels.Core.Testing", "Sels.Core.Testing\Sels.Core.Testing.csproj", "{9FC5B775-260F-4BCB-8565-B87844DABA3B}"
EndProject
Project("{9A19103F-16F7-4668-BE54-9A1E7A4F7556}") = "Sels.Core.Localization", "Sels.Core.Localization\Sels.Core.Localization.csproj", "{17415000-4BEA-48E8-A045-3D46A3139250}"
EndProject
Project("{9A19103F-16F7-4668-BE54-9A1E7A4F7556}") = "Sels.Core.Data", "Sels.Core.Data\Sels.Core.Data.csproj", "{BF8D3C94-3960-4DC6-9BFB-9D0C5505ADBE}"
EndProject
Project("{9A19103F-16F7-4668-BE54-9A1E7A4F7556}") = "Sels.Core.FileSystem.Test", "Tests\Sels.Core.FileSystem.Test\Sels.Core.FileSystem.Test.csproj", "{9751CC25-A3E5-464A-929F-02F9032D047F}"
EndProject
Project("{9A19103F-16F7-4668-BE54-9A1E7A4F7556}") = "Sels.Core.Data.SQL", "Sels.Core.Data.SQL\Sels.Core.Data.SQL.csproj", "{1553D8DC-3FE7-47FD-AA7C-95903ADDE8C0}"
EndProject
Project("{9A19103F-16F7-4668-BE54-9A1E7A4F7556}") = "Sels.Core.Processing", "Sels.Core.Processing\Sels.Core.Processing.csproj", "{3C245DE4-0519-4451-8F2D-929A9E62E0CD}"
EndProject
Project("{9A19103F-16F7-4668-BE54-9A1E7A4F7556}") = "Sels.Core.Processing.Cron", "Sels.Core.Processing.Cron\Sels.Core.Processing.Cron.csproj", "{C25E7178-AB6B-4C86-8460-ADD61D147D9B}"
EndProject
Project("{9A19103F-16F7-4668-BE54-9A1E7A4F7556}") = "Sels.Core.Conversion.Test", "Tests\Sels.Core.Conversion.Test\Sels.Core.Conversion.Test.csproj", "{40C65F99-E56D-455D-BED8-28975DBA1A33}"
EndProject
Project("{9A19103F-16F7-4668-BE54-9A1E7A4F7556}") = "Sels.Core.Cli", "Sels.Core.Cli\Sels.Core.Cli.csproj", "{BC4743C5-483B-4DDC-ABA1-B05DA146C996}"
EndProject
Project("{9A19103F-16F7-4668-BE54-9A1E7A4F7556}") = "Sels.Core.Cli.Test", "Tests\Sels.Core.Cli.Test\Sels.Core.Cli.Test.csproj", "{A683419E-FDD6-4177-B9E9-5725B6A01F07}"
EndProject
Project("{9A19103F-16F7-4668-BE54-9A1E7A4F7556}") = "Sels.Core.Data.MySQL", "Sels.Core.Data.MySQL\Sels.Core.Data.MySQL.csproj", "{6811F8A9-1242-4437-9D01-D1D67037FEF4}"
EndProject
Project("{9A19103F-16F7-4668-BE54-9A1E7A4F7556}") = "Sels.Core.Data.MySQL.Test", "Tests\Sels.Core.Data.MySql.Test\Sels.Core.Data.MySQL.Test.csproj", "{B3364E85-5B3E-46ED-9BCC-23E3585D11F1}"
EndProject
Project("{9A19103F-16F7-4668-BE54-9A1E7A4F7556}") = "Sels.Core.Data.MySQL.Migrator", "Sels.Core.Data.MySQL.Migrator\Sels.Core.Data.MySQL.Migrator.csproj", "{4F617683-A8D6-4AD4-946E-4A7EF42C219D}"
EndProject
Project("{9A19103F-16F7-4668-BE54-9A1E7A4F7556}") = "Sels.Core.ServiceBuilder", "Sels.Core.ServiceBuilder\Sels.Core.ServiceBuilder.csproj", "{5EA2B53D-56E2-443B-AB63-06E35E28A5E8}"
EndProject
Project("{9A19103F-16F7-4668-BE54-9A1E7A4F7556}") = "Sels.Core.Mediator", "Sels.Core.Mediator\Sels.Core.Mediator.csproj", "{764E278D-D3B6-4D73-ABDB-F37F28F27CFF}"
EndProject
Global
	GlobalSection(SolutionConfigurationPlatforms) = preSolution
		Debug|Any CPU = Debug|Any CPU
		Release|Any CPU = Release|Any CPU
	EndGlobalSection
	GlobalSection(ProjectConfigurationPlatforms) = postSolution
		{673BAA66-9AA5-49C2-AB21-42A594A248C1}.Debug|Any CPU.ActiveCfg = Debug|Any CPU
		{673BAA66-9AA5-49C2-AB21-42A594A248C1}.Debug|Any CPU.Build.0 = Debug|Any CPU
		{673BAA66-9AA5-49C2-AB21-42A594A248C1}.Release|Any CPU.ActiveCfg = Release|Any CPU
		{673BAA66-9AA5-49C2-AB21-42A594A248C1}.Release|Any CPU.Build.0 = Release|Any CPU
		{80291F78-EE16-4DF7-B387-87F31927D94B}.Debug|Any CPU.ActiveCfg = Debug|Any CPU
		{80291F78-EE16-4DF7-B387-87F31927D94B}.Debug|Any CPU.Build.0 = Debug|Any CPU
		{80291F78-EE16-4DF7-B387-87F31927D94B}.Release|Any CPU.ActiveCfg = Release|Any CPU
		{80291F78-EE16-4DF7-B387-87F31927D94B}.Release|Any CPU.Build.0 = Release|Any CPU
		{073701B9-104D-4557-9914-DB6A0C1F8277}.Debug|Any CPU.ActiveCfg = Debug|Any CPU
		{073701B9-104D-4557-9914-DB6A0C1F8277}.Debug|Any CPU.Build.0 = Debug|Any CPU
		{073701B9-104D-4557-9914-DB6A0C1F8277}.Release|Any CPU.ActiveCfg = Release|Any CPU
		{073701B9-104D-4557-9914-DB6A0C1F8277}.Release|Any CPU.Build.0 = Release|Any CPU
		{6A16525A-39BD-4090-903B-60AEFE5D9FF3}.Debug|Any CPU.ActiveCfg = Debug|Any CPU
		{6A16525A-39BD-4090-903B-60AEFE5D9FF3}.Debug|Any CPU.Build.0 = Debug|Any CPU
		{6A16525A-39BD-4090-903B-60AEFE5D9FF3}.Release|Any CPU.ActiveCfg = Release|Any CPU
		{6A16525A-39BD-4090-903B-60AEFE5D9FF3}.Release|Any CPU.Build.0 = Release|Any CPU
		{D3410322-2D2E-4EDC-9EC7-9A4211C392A3}.Debug|Any CPU.ActiveCfg = Debug|Any CPU
		{D3410322-2D2E-4EDC-9EC7-9A4211C392A3}.Debug|Any CPU.Build.0 = Debug|Any CPU
		{D3410322-2D2E-4EDC-9EC7-9A4211C392A3}.Release|Any CPU.ActiveCfg = Release|Any CPU
		{D3410322-2D2E-4EDC-9EC7-9A4211C392A3}.Release|Any CPU.Build.0 = Release|Any CPU
		{2111E1DA-E739-4563-BB14-DE028CD0DB33}.Debug|Any CPU.ActiveCfg = Debug|Any CPU
		{2111E1DA-E739-4563-BB14-DE028CD0DB33}.Debug|Any CPU.Build.0 = Debug|Any CPU
		{2111E1DA-E739-4563-BB14-DE028CD0DB33}.Release|Any CPU.ActiveCfg = Release|Any CPU
		{2111E1DA-E739-4563-BB14-DE028CD0DB33}.Release|Any CPU.Build.0 = Release|Any CPU
		{15748F59-AECE-445E-8CCA-53972C8F8A03}.Debug|Any CPU.ActiveCfg = Debug|Any CPU
		{15748F59-AECE-445E-8CCA-53972C8F8A03}.Debug|Any CPU.Build.0 = Debug|Any CPU
		{15748F59-AECE-445E-8CCA-53972C8F8A03}.Release|Any CPU.ActiveCfg = Release|Any CPU
		{15748F59-AECE-445E-8CCA-53972C8F8A03}.Release|Any CPU.Build.0 = Release|Any CPU
		{31BD1BC4-7B36-4AC9-9176-6D2F1CEDF9B6}.Debug|Any CPU.ActiveCfg = Debug|Any CPU
		{31BD1BC4-7B36-4AC9-9176-6D2F1CEDF9B6}.Debug|Any CPU.Build.0 = Debug|Any CPU
		{31BD1BC4-7B36-4AC9-9176-6D2F1CEDF9B6}.Release|Any CPU.ActiveCfg = Release|Any CPU
		{31BD1BC4-7B36-4AC9-9176-6D2F1CEDF9B6}.Release|Any CPU.Build.0 = Release|Any CPU
		{9F956778-E4BE-4911-BD3F-4356FB061C91}.Debug|Any CPU.ActiveCfg = Debug|Any CPU
		{9F956778-E4BE-4911-BD3F-4356FB061C91}.Debug|Any CPU.Build.0 = Debug|Any CPU
		{9F956778-E4BE-4911-BD3F-4356FB061C91}.Release|Any CPU.ActiveCfg = Release|Any CPU
		{9F956778-E4BE-4911-BD3F-4356FB061C91}.Release|Any CPU.Build.0 = Release|Any CPU
		{D271E459-0CCA-4831-A4D4-E96819F8A992}.Debug|Any CPU.ActiveCfg = Debug|Any CPU
		{D271E459-0CCA-4831-A4D4-E96819F8A992}.Debug|Any CPU.Build.0 = Debug|Any CPU
		{D271E459-0CCA-4831-A4D4-E96819F8A992}.Release|Any CPU.ActiveCfg = Release|Any CPU
		{D271E459-0CCA-4831-A4D4-E96819F8A992}.Release|Any CPU.Build.0 = Release|Any CPU
		{054FF620-453E-42EA-A1BC-FD0150BC2A86}.Debug|Any CPU.ActiveCfg = Debug|Any CPU
		{054FF620-453E-42EA-A1BC-FD0150BC2A86}.Debug|Any CPU.Build.0 = Debug|Any CPU
		{054FF620-453E-42EA-A1BC-FD0150BC2A86}.Release|Any CPU.ActiveCfg = Release|Any CPU
		{054FF620-453E-42EA-A1BC-FD0150BC2A86}.Release|Any CPU.Build.0 = Release|Any CPU
		{9FC5B775-260F-4BCB-8565-B87844DABA3B}.Debug|Any CPU.ActiveCfg = Debug|Any CPU
		{9FC5B775-260F-4BCB-8565-B87844DABA3B}.Debug|Any CPU.Build.0 = Debug|Any CPU
		{9FC5B775-260F-4BCB-8565-B87844DABA3B}.Release|Any CPU.ActiveCfg = Release|Any CPU
		{9FC5B775-260F-4BCB-8565-B87844DABA3B}.Release|Any CPU.Build.0 = Release|Any CPU
		{17415000-4BEA-48E8-A045-3D46A3139250}.Debug|Any CPU.ActiveCfg = Debug|Any CPU
		{17415000-4BEA-48E8-A045-3D46A3139250}.Debug|Any CPU.Build.0 = Debug|Any CPU
		{17415000-4BEA-48E8-A045-3D46A3139250}.Release|Any CPU.ActiveCfg = Release|Any CPU
		{17415000-4BEA-48E8-A045-3D46A3139250}.Release|Any CPU.Build.0 = Release|Any CPU
		{BF8D3C94-3960-4DC6-9BFB-9D0C5505ADBE}.Debug|Any CPU.ActiveCfg = Debug|Any CPU
		{BF8D3C94-3960-4DC6-9BFB-9D0C5505ADBE}.Debug|Any CPU.Build.0 = Debug|Any CPU
		{BF8D3C94-3960-4DC6-9BFB-9D0C5505ADBE}.Release|Any CPU.ActiveCfg = Release|Any CPU
		{BF8D3C94-3960-4DC6-9BFB-9D0C5505ADBE}.Release|Any CPU.Build.0 = Release|Any CPU
		{9751CC25-A3E5-464A-929F-02F9032D047F}.Debug|Any CPU.ActiveCfg = Debug|Any CPU
		{9751CC25-A3E5-464A-929F-02F9032D047F}.Debug|Any CPU.Build.0 = Debug|Any CPU
		{9751CC25-A3E5-464A-929F-02F9032D047F}.Release|Any CPU.ActiveCfg = Release|Any CPU
		{9751CC25-A3E5-464A-929F-02F9032D047F}.Release|Any CPU.Build.0 = Release|Any CPU
		{1553D8DC-3FE7-47FD-AA7C-95903ADDE8C0}.Debug|Any CPU.ActiveCfg = Debug|Any CPU
		{1553D8DC-3FE7-47FD-AA7C-95903ADDE8C0}.Debug|Any CPU.Build.0 = Debug|Any CPU
		{1553D8DC-3FE7-47FD-AA7C-95903ADDE8C0}.Release|Any CPU.ActiveCfg = Release|Any CPU
		{1553D8DC-3FE7-47FD-AA7C-95903ADDE8C0}.Release|Any CPU.Build.0 = Release|Any CPU
		{3C245DE4-0519-4451-8F2D-929A9E62E0CD}.Debug|Any CPU.ActiveCfg = Debug|Any CPU
		{3C245DE4-0519-4451-8F2D-929A9E62E0CD}.Debug|Any CPU.Build.0 = Debug|Any CPU
		{3C245DE4-0519-4451-8F2D-929A9E62E0CD}.Release|Any CPU.ActiveCfg = Release|Any CPU
		{3C245DE4-0519-4451-8F2D-929A9E62E0CD}.Release|Any CPU.Build.0 = Release|Any CPU
		{C25E7178-AB6B-4C86-8460-ADD61D147D9B}.Debug|Any CPU.ActiveCfg = Debug|Any CPU
		{C25E7178-AB6B-4C86-8460-ADD61D147D9B}.Debug|Any CPU.Build.0 = Debug|Any CPU
		{C25E7178-AB6B-4C86-8460-ADD61D147D9B}.Release|Any CPU.ActiveCfg = Release|Any CPU
		{C25E7178-AB6B-4C86-8460-ADD61D147D9B}.Release|Any CPU.Build.0 = Release|Any CPU
		{40C65F99-E56D-455D-BED8-28975DBA1A33}.Debug|Any CPU.ActiveCfg = Debug|Any CPU
		{40C65F99-E56D-455D-BED8-28975DBA1A33}.Debug|Any CPU.Build.0 = Debug|Any CPU
		{40C65F99-E56D-455D-BED8-28975DBA1A33}.Release|Any CPU.ActiveCfg = Release|Any CPU
		{40C65F99-E56D-455D-BED8-28975DBA1A33}.Release|Any CPU.Build.0 = Release|Any CPU
		{BC4743C5-483B-4DDC-ABA1-B05DA146C996}.Debug|Any CPU.ActiveCfg = Debug|Any CPU
		{BC4743C5-483B-4DDC-ABA1-B05DA146C996}.Debug|Any CPU.Build.0 = Debug|Any CPU
		{BC4743C5-483B-4DDC-ABA1-B05DA146C996}.Release|Any CPU.ActiveCfg = Release|Any CPU
		{BC4743C5-483B-4DDC-ABA1-B05DA146C996}.Release|Any CPU.Build.0 = Release|Any CPU
		{A683419E-FDD6-4177-B9E9-5725B6A01F07}.Debug|Any CPU.ActiveCfg = Debug|Any CPU
		{A683419E-FDD6-4177-B9E9-5725B6A01F07}.Debug|Any CPU.Build.0 = Debug|Any CPU
		{A683419E-FDD6-4177-B9E9-5725B6A01F07}.Release|Any CPU.ActiveCfg = Release|Any CPU
		{A683419E-FDD6-4177-B9E9-5725B6A01F07}.Release|Any CPU.Build.0 = Release|Any CPU
		{6811F8A9-1242-4437-9D01-D1D67037FEF4}.Debug|Any CPU.ActiveCfg = Debug|Any CPU
		{6811F8A9-1242-4437-9D01-D1D67037FEF4}.Debug|Any CPU.Build.0 = Debug|Any CPU
		{6811F8A9-1242-4437-9D01-D1D67037FEF4}.Release|Any CPU.ActiveCfg = Release|Any CPU
		{6811F8A9-1242-4437-9D01-D1D67037FEF4}.Release|Any CPU.Build.0 = Release|Any CPU
		{B3364E85-5B3E-46ED-9BCC-23E3585D11F1}.Debug|Any CPU.ActiveCfg = Debug|Any CPU
		{B3364E85-5B3E-46ED-9BCC-23E3585D11F1}.Debug|Any CPU.Build.0 = Debug|Any CPU
		{B3364E85-5B3E-46ED-9BCC-23E3585D11F1}.Release|Any CPU.ActiveCfg = Release|Any CPU
		{B3364E85-5B3E-46ED-9BCC-23E3585D11F1}.Release|Any CPU.Build.0 = Release|Any CPU
		{4F617683-A8D6-4AD4-946E-4A7EF42C219D}.Debug|Any CPU.ActiveCfg = Debug|Any CPU
		{4F617683-A8D6-4AD4-946E-4A7EF42C219D}.Debug|Any CPU.Build.0 = Debug|Any CPU
		{4F617683-A8D6-4AD4-946E-4A7EF42C219D}.Release|Any CPU.ActiveCfg = Release|Any CPU
		{4F617683-A8D6-4AD4-946E-4A7EF42C219D}.Release|Any CPU.Build.0 = Release|Any CPU
		{5EA2B53D-56E2-443B-AB63-06E35E28A5E8}.Debug|Any CPU.ActiveCfg = Debug|Any CPU
		{5EA2B53D-56E2-443B-AB63-06E35E28A5E8}.Debug|Any CPU.Build.0 = Debug|Any CPU
		{5EA2B53D-56E2-443B-AB63-06E35E28A5E8}.Release|Any CPU.ActiveCfg = Release|Any CPU
		{5EA2B53D-56E2-443B-AB63-06E35E28A5E8}.Release|Any CPU.Build.0 = Release|Any CPU
		{764E278D-D3B6-4D73-ABDB-F37F28F27CFF}.Debug|Any CPU.ActiveCfg = Debug|Any CPU
		{764E278D-D3B6-4D73-ABDB-F37F28F27CFF}.Debug|Any CPU.Build.0 = Debug|Any CPU
		{764E278D-D3B6-4D73-ABDB-F37F28F27CFF}.Release|Any CPU.ActiveCfg = Release|Any CPU
		{764E278D-D3B6-4D73-ABDB-F37F28F27CFF}.Release|Any CPU.Build.0 = Release|Any CPU
	EndGlobalSection
	GlobalSection(SolutionProperties) = preSolution
		HideSolutionNode = FALSE
	EndGlobalSection
	GlobalSection(NestedProjects) = preSolution
		{673BAA66-9AA5-49C2-AB21-42A594A248C1} = {7C3BE389-DC4E-43F0-A1B3-097020BE9691}
		{073701B9-104D-4557-9914-DB6A0C1F8277} = {9ADF9A39-B6EC-440C-AA22-6478FF9F7EA6}
		{E3EC93FC-7BFE-4AEA-9977-8FB473DE2989} = {3387EDE6-E321-4FF6-BF3B-E9C54BF7F6D5}
		{6A16525A-39BD-4090-903B-60AEFE5D9FF3} = {E3EC93FC-7BFE-4AEA-9977-8FB473DE2989}
		{D3410322-2D2E-4EDC-9EC7-9A4211C392A3} = {E3EC93FC-7BFE-4AEA-9977-8FB473DE2989}
		{2111E1DA-E739-4563-BB14-DE028CD0DB33} = {7C3BE389-DC4E-43F0-A1B3-097020BE9691}
		{15748F59-AECE-445E-8CCA-53972C8F8A03} = {7C3BE389-DC4E-43F0-A1B3-097020BE9691}
		{31BD1BC4-7B36-4AC9-9176-6D2F1CEDF9B6} = {7C3BE389-DC4E-43F0-A1B3-097020BE9691}
		{9F956778-E4BE-4911-BD3F-4356FB061C91} = {7C3BE389-DC4E-43F0-A1B3-097020BE9691}
		{D271E459-0CCA-4831-A4D4-E96819F8A992} = {7C3BE389-DC4E-43F0-A1B3-097020BE9691}
		{054FF620-453E-42EA-A1BC-FD0150BC2A86} = {7C3BE389-DC4E-43F0-A1B3-097020BE9691}
		{9FC5B775-260F-4BCB-8565-B87844DABA3B} = {7C3BE389-DC4E-43F0-A1B3-097020BE9691}
		{17415000-4BEA-48E8-A045-3D46A3139250} = {7C3BE389-DC4E-43F0-A1B3-097020BE9691}
		{BF8D3C94-3960-4DC6-9BFB-9D0C5505ADBE} = {7C3BE389-DC4E-43F0-A1B3-097020BE9691}
		{9751CC25-A3E5-464A-929F-02F9032D047F} = {9ADF9A39-B6EC-440C-AA22-6478FF9F7EA6}
		{1553D8DC-3FE7-47FD-AA7C-95903ADDE8C0} = {7C3BE389-DC4E-43F0-A1B3-097020BE9691}
		{3C245DE4-0519-4451-8F2D-929A9E62E0CD} = {7C3BE389-DC4E-43F0-A1B3-097020BE9691}
		{C25E7178-AB6B-4C86-8460-ADD61D147D9B} = {7C3BE389-DC4E-43F0-A1B3-097020BE9691}
		{40C65F99-E56D-455D-BED8-28975DBA1A33} = {9ADF9A39-B6EC-440C-AA22-6478FF9F7EA6}
		{BC4743C5-483B-4DDC-ABA1-B05DA146C996} = {7C3BE389-DC4E-43F0-A1B3-097020BE9691}
		{A683419E-FDD6-4177-B9E9-5725B6A01F07} = {9ADF9A39-B6EC-440C-AA22-6478FF9F7EA6}
		{6811F8A9-1242-4437-9D01-D1D67037FEF4} = {7C3BE389-DC4E-43F0-A1B3-097020BE9691}
		{B3364E85-5B3E-46ED-9BCC-23E3585D11F1} = {9ADF9A39-B6EC-440C-AA22-6478FF9F7EA6}
		{4F617683-A8D6-4AD4-946E-4A7EF42C219D} = {7C3BE389-DC4E-43F0-A1B3-097020BE9691}
		{5EA2B53D-56E2-443B-AB63-06E35E28A5E8} = {7C3BE389-DC4E-43F0-A1B3-097020BE9691}
		{764E278D-D3B6-4D73-ABDB-F37F28F27CFF} = {7C3BE389-DC4E-43F0-A1B3-097020BE9691}
	EndGlobalSection
	GlobalSection(ExtensibilityGlobals) = postSolution
		SolutionGuid = {9510E55C-920C-4EDB-9F77-D83C4E047361}
	EndGlobalSection
EndGlobal
